
Microsoft Visual Studio Solution File, Format Version 12.00
# Visual Studio Version 17
VisualStudioVersion = 17.0.31912.275
MinimumVisualStudioVersion = 10.0.40219.1
Project("{FAE04EC0-301F-11D3-BF4B-00C04F79EFBC}") = "Csharp_Collections", "Csharp_Collections\Csharp_Collections.csproj", "{A1D63816-60D8-499C-9363-059080BA8B00}"
EndProject
Global
	GlobalSection(SolutionConfigurationPlatforms) = preSolution
		Debug|Any CPU = Debug|Any CPU
		Release|Any CPU = Release|Any CPU
	EndGlobalSection
	GlobalSection(ProjectConfigurationPlatforms) = postSolution
		{A1D63816-60D8-499C-9363-059080BA8B00}.Debug|Any CPU.ActiveCfg = Debug|Any CPU
		{A1D63816-60D8-499C-9363-059080BA8B00}.Debug|Any CPU.Build.0 = Debug|Any CPU
		{A1D63816-60D8-499C-9363-059080BA8B00}.Release|Any CPU.ActiveCfg = Release|Any CPU
		{A1D63816-60D8-499C-9363-059080BA8B00}.Release|Any CPU.Build.0 = Release|Any CPU
	EndGlobalSection
	GlobalSection(SolutionProperties) = preSolution
		HideSolutionNode = FALSE
	EndGlobalSection
	GlobalSection(ExtensibilityGlobals) = postSolution
		SolutionGuid = {56FFD07D-0328-4BE9-9706-AC7671185FC6}
	EndGlobalSection
EndGlobal
